{
  "nodes": {
    "base16-schemes": {
      "flake": false,
      "locked": {
        "lastModified": 1696158499,
        "narHash": "sha256-5yIHgDTPjoX/3oDEfLSQ0eJZdFL1SaCfb9d6M0RmOTM=",
        "owner": "tinted-theming",
        "repo": "base16-schemes",
        "rev": "a9112eaae86d9dd8ee6bb9445b664fba2f94037a",
        "type": "github"
      },
      "original": {
        "owner": "tinted-theming",
        "repo": "base16-schemes",
        "type": "github"
      }
    },
    "darwin": {
      "inputs": {
        "nixpkgs": [
          "nixpkgs"
        ]
      },
      "locked": {
        "lastModified": 1713946171,
        "narHash": "sha256-lc75rgRQLdp4Dzogv5cfqOg6qYc5Rp83oedF2t0kDp8=",
        "owner": "lnl7",
        "repo": "nix-darwin",
        "rev": "230a197063de9287128e2c68a7a4b0cd7d0b50a7",
        "type": "github"
      },
      "original": {
        "owner": "lnl7",
        "ref": "master",
        "repo": "nix-darwin",
        "type": "github"
      }
    },
    "emacs-overlay": {
      "inputs": {
        "flake-utils": "flake-utils",
        "nixpkgs": [
          "nixpkgs"
        ],
        "nixpkgs-stable": "nixpkgs-stable"
      },
      "locked": {
        "lastModified": 1715392031,
        "narHash": "sha256-3uhiVHNP/lfki1w4eKUgpBGyoPbbgYCgwWWgn+LUoIA=",
        "owner": "nix-community",
        "repo": "emacs-overlay",
        "rev": "62004f5ead76e154c4f19e27a94cd24fb4db59aa",
        "type": "github"
      },
      "original": {
        "owner": "nix-community",
        "repo": "emacs-overlay",
        "type": "github"
      }
    },
    "firefox-addons": {
      "inputs": {
        "flake-utils": "flake-utils_2",
        "nixpkgs": [
          "nixpkgs"
        ]
      },
      "locked": {
        "dir": "pkgs/firefox-addons",
        "lastModified": 1715400194,
        "narHash": "sha256-QznVLD8xPoBCkgX8G6ZNsRHeQb6NVZ0tl5SSyuv2884=",
        "owner": "rycee",
        "repo": "nur-expressions",
        "rev": "b4e6ccb1823c1604b52453e3e371699a4b4bcd24",
        "type": "gitlab"
      },
      "original": {
        "dir": "pkgs/firefox-addons",
        "owner": "rycee",
        "repo": "nur-expressions",
        "type": "gitlab"
      }
    },
    "flake-compat": {
      "flake": false,
      "locked": {
        "lastModified": 1696426674,
        "narHash": "sha256-kvjfFW7WAETZlt09AgDn1MrtKzP7t90Vf7vypd3OL1U=",
        "owner": "edolstra",
        "repo": "flake-compat",
        "rev": "0f9255e01c2351cc7d116c072cb317785dd33b33",
        "type": "github"
      },
      "original": {
        "owner": "edolstra",
        "repo": "flake-compat",
        "type": "github"
      }
    },
    "flake-utils": {
      "inputs": {
        "systems": "systems"
      },
      "locked": {
        "lastModified": 1710146030,
        "narHash": "sha256-SZ5L6eA7HJ/nmkzGG7/ISclqe6oZdOZTNoesiInkXPQ=",
        "owner": "numtide",
        "repo": "flake-utils",
        "rev": "b1d9ab70662946ef0850d488da1c9019f3a9752a",
        "type": "github"
      },
      "original": {
        "owner": "numtide",
        "repo": "flake-utils",
        "type": "github"
      }
    },
    "flake-utils_2": {
      "locked": {
        "lastModified": 1629284811,
        "narHash": "sha256-JHgasjPR0/J1J3DRm4KxM4zTyAj4IOJY8vIl75v/kPI=",
        "owner": "numtide",
        "repo": "flake-utils",
        "rev": "c5d161cc0af116a2e17f54316f0bf43f0819785c",
        "type": "github"
      },
      "original": {
        "owner": "numtide",
        "repo": "flake-utils",
        "type": "github"
      }
    },
    "flake-utils_3": {
      "inputs": {
        "systems": "systems_3"
      },
      "locked": {
        "lastModified": 1710146030,
        "narHash": "sha256-SZ5L6eA7HJ/nmkzGG7/ISclqe6oZdOZTNoesiInkXPQ=",
        "owner": "numtide",
        "repo": "flake-utils",
        "rev": "b1d9ab70662946ef0850d488da1c9019f3a9752a",
        "type": "github"
      },
      "original": {
        "owner": "numtide",
        "repo": "flake-utils",
        "type": "github"
      }
    },
    "flake-utils_4": {
      "inputs": {
        "systems": "systems_4"
      },
      "locked": {
        "lastModified": 1681202837,
        "narHash": "sha256-H+Rh19JDwRtpVPAWp64F+rlEtxUWBAQW28eAi3SRSzg=",
        "owner": "numtide",
        "repo": "flake-utils",
        "rev": "cfacdce06f30d2b68473a46042957675eebb3401",
        "type": "github"
      },
      "original": {
        "owner": "numtide",
        "repo": "flake-utils",
        "type": "github"
      }
    },
    "home-manager": {
      "inputs": {
        "nixpkgs": [
          "nixpkgs"
        ]
      },
      "locked": {
        "lastModified": 1715380449,
        "narHash": "sha256-716+f9Rj3wjSyD1xitCv2FcYbgPz1WIVDj+ZBclH99Y=",
        "owner": "nix-community",
        "repo": "home-manager",
        "rev": "d7682620185f213df384c363288093b486b2883f",
        "type": "github"
      },
      "original": {
        "owner": "nix-community",
        "repo": "home-manager",
        "type": "github"
      }
    },
    "hyprcursor": {
      "inputs": {
        "hyprlang": [
          "hyprland",
          "hyprlang"
        ],
        "nixpkgs": [
          "hyprland",
          "nixpkgs"
        ],
        "systems": [
          "hyprland",
          "systems"
        ]
      },
      "locked": {
        "lastModified": 1713612213,
        "narHash": "sha256-zJboXgWNpNhKyNF8H/3UYzWkx7w00TOCGKi3cwi+tsw=",
        "owner": "hyprwm",
        "repo": "hyprcursor",
        "rev": "cab4746180f210a3c1dd3d53e45c510e309e90e1",
        "type": "github"
      },
      "original": {
        "owner": "hyprwm",
        "repo": "hyprcursor",
        "type": "github"
      }
    },
    "hyprland": {
      "inputs": {
        "hyprcursor": "hyprcursor",
        "hyprlang": "hyprlang",
        "hyprwayland-scanner": "hyprwayland-scanner",
        "nixpkgs": "nixpkgs",
        "systems": "systems_2",
        "xdph": "xdph"
      },
      "locked": {
        "lastModified": 1715381814,
        "narHash": "sha256-Jg5mkbH1dKrgS9witE0Bdh+xQMC4SSr6rm0FbaydyS4=",
        "owner": "hyprwm",
        "repo": "Hyprland",
        "rev": "ed3a888fc274e09a5097ebbe3d206e4bc85bbb87",
        "type": "github"
      },
      "original": {
        "owner": "hyprwm",
        "repo": "Hyprland",
        "type": "github"
      }
    },
    "hyprland-contrib": {
      "inputs": {
        "nixpkgs": [
          "nixpkgs"
        ]
      },
      "locked": {
        "lastModified": 1713780596,
        "narHash": "sha256-DDAYNGSnrBwvVfpKx+XjkuecpoE9HiEf6JW+DBQgvm0=",
        "owner": "hyprwm",
        "repo": "contrib",
        "rev": "110e6dc761d5c3d352574def3479a9c39dfc4358",
        "type": "github"
      },
      "original": {
        "owner": "hyprwm",
        "repo": "contrib",
        "type": "github"
      }
    },
    "hyprland-protocols": {
      "inputs": {
        "nixpkgs": [
          "hyprland",
          "xdph",
          "nixpkgs"
        ],
        "systems": [
          "hyprland",
          "xdph",
          "systems"
        ]
      },
      "locked": {
        "lastModified": 1691753796,
        "narHash": "sha256-zOEwiWoXk3j3+EoF3ySUJmberFewWlagvewDRuWYAso=",
        "owner": "hyprwm",
        "repo": "hyprland-protocols",
        "rev": "0c2ce70625cb30aef199cb388f99e19a61a6ce03",
        "type": "github"
      },
      "original": {
        "owner": "hyprwm",
        "repo": "hyprland-protocols",
        "type": "github"
      }
    },
    "hyprlang": {
      "inputs": {
        "nixpkgs": [
          "hyprland",
          "nixpkgs"
        ],
        "systems": [
          "hyprland",
          "systems"
        ]
      },
      "locked": {
        "lastModified": 1713121246,
        "narHash": "sha256-502X0Q0fhN6tJK7iEUA8CghONKSatW/Mqj4Wappd++0=",
        "owner": "hyprwm",
        "repo": "hyprlang",
        "rev": "78fcaa27ae9e1d782faa3ff06c8ea55ddce63706",
        "type": "github"
      },
      "original": {
        "owner": "hyprwm",
        "repo": "hyprlang",
        "type": "github"
      }
    },
    "hyprwayland-scanner": {
      "inputs": {
        "nixpkgs": [
          "hyprland",
          "nixpkgs"
        ],
        "systems": [
          "hyprland",
          "systems"
        ]
      },
      "locked": {
        "lastModified": 1715287423,
        "narHash": "sha256-B7AJIjOyWgVMKhu7DlOnWa0VprdhywUVHuB/j+EwSxM=",
        "owner": "hyprwm",
        "repo": "hyprwayland-scanner",
        "rev": "e2fc1c0eb8b392110588f478cce644348ead7271",
        "type": "github"
      },
      "original": {
        "owner": "hyprwm",
        "repo": "hyprwayland-scanner",
        "type": "github"
      }
    },
    "nix-colors": {
      "inputs": {
        "base16-schemes": "base16-schemes",
        "nixpkgs-lib": "nixpkgs-lib"
      },
      "locked": {
        "lastModified": 1707825078,
        "narHash": "sha256-hTfge2J2W+42SZ7VHXkf4kjU+qzFqPeC9k66jAUBMHk=",
        "owner": "misterio77",
        "repo": "nix-colors",
        "rev": "b01f024090d2c4fc3152cd0cf12027a7b8453ba1",
        "type": "github"
      },
      "original": {
        "owner": "misterio77",
        "repo": "nix-colors",
        "type": "github"
      }
    },
    "nixos-wsl": {
      "inputs": {
        "flake-compat": "flake-compat",
        "flake-utils": "flake-utils_3",
        "nixpkgs": [
          "nixpkgs"
        ]
      },
      "locked": {
        "lastModified": 1715237610,
        "narHash": "sha256-/ZeWQ4mL3DfHsbTZYc80qMrL4vBfENP0RiGv2KrCrEo=",
        "owner": "nix-community",
        "repo": "NixOS-WSL",
        "rev": "61fe33f4194bbbc48c090a2e79f4eb61b47c9b75",
        "type": "github"
      },
      "original": {
        "owner": "nix-community",
        "repo": "NixOS-WSL",
        "type": "github"
      }
    },
    "nixpkgs": {
      "locked": {
        "lastModified": 1715087517,
        "narHash": "sha256-CLU5Tsg24Ke4+7sH8azHWXKd0CFd4mhLWfhYgUiDBpQ=",
        "owner": "NixOS",
        "repo": "nixpkgs",
        "rev": "b211b392b8486ee79df6cdfb1157ad2133427a29",
        "type": "github"
      },
      "original": {
        "owner": "NixOS",
        "ref": "nixos-unstable",
        "repo": "nixpkgs",
        "type": "github"
      }
    },
    "nixpkgs-lib": {
      "locked": {
        "lastModified": 1697935651,
        "narHash": "sha256-qOfWjQ2JQSQL15KLh6D7xQhx0qgZlYZTYlcEiRuAMMw=",
        "owner": "nix-community",
        "repo": "nixpkgs.lib",
        "rev": "e1e11fdbb01113d85c7f41cada9d2847660e3902",
        "type": "github"
      },
      "original": {
        "owner": "nix-community",
        "repo": "nixpkgs.lib",
        "type": "github"
      }
    },
    "nixpkgs-master": {
      "locked": {
        "lastModified": 1715410360,
        "narHash": "sha256-omW2CI8KKq38ue13m2gC02gMx5bkHZc4XmFxsCansGE=",
        "owner": "nixos",
        "repo": "nixpkgs",
        "rev": "7201c99b502438062ad3a182b70f1fff8363ee8e",
        "type": "github"
      },
      "original": {
        "owner": "nixos",
        "ref": "master",
        "repo": "nixpkgs",
        "type": "github"
      }
    },
    "nixpkgs-stable": {
      "locked": {
        "lastModified": 1715218190,
        "narHash": "sha256-R98WOBHkk8wIi103JUVQF3ei3oui4HvoZcz9tYOAwlk=",
        "owner": "NixOS",
        "repo": "nixpkgs",
        "rev": "9a9960b98418f8c385f52de3b09a63f9c561427a",
        "type": "github"
      },
      "original": {
        "owner": "NixOS",
        "ref": "nixos-23.11",
        "repo": "nixpkgs",
        "type": "github"
      }
    },
    "nixpkgs-stable_2": {
      "locked": {
        "lastModified": 1715218190,
        "narHash": "sha256-R98WOBHkk8wIi103JUVQF3ei3oui4HvoZcz9tYOAwlk=",
        "owner": "nixos",
        "repo": "nixpkgs",
        "rev": "9a9960b98418f8c385f52de3b09a63f9c561427a",
        "type": "github"
      },
      "original": {
        "owner": "nixos",
        "ref": "nixos-23.11",
        "repo": "nixpkgs",
        "type": "github"
      }
    },
    "nixpkgs-stable_3": {
      "locked": {
        "lastModified": 1714858427,
        "narHash": "sha256-tCxeDP4C1pWe2rYY3IIhdA40Ujz32Ufd4tcrHPSKx2M=",
        "owner": "NixOS",
        "repo": "nixpkgs",
        "rev": "b980b91038fc4b09067ef97bbe5ad07eecca1e76",
        "type": "github"
      },
      "original": {
        "owner": "NixOS",
        "ref": "release-23.11",
        "repo": "nixpkgs",
        "type": "github"
      }
    },
    "nixpkgs_2": {
      "locked": {
        "lastModified": 1715266358,
        "narHash": "sha256-doPgfj+7FFe9rfzWo1siAV2mVCasW+Bh8I1cToAXEE4=",
        "owner": "nixos",
        "repo": "nixpkgs",
        "rev": "f1010e0469db743d14519a1efd37e23f8513d714",
        "type": "github"
      },
      "original": {
        "owner": "nixos",
        "ref": "nixos-unstable",
        "repo": "nixpkgs",
        "type": "github"
      }
    },
    "nixpkgs_3": {
      "locked": {
        "lastModified": 1682134069,
        "narHash": "sha256-TnI/ZXSmRxQDt2sjRYK/8j8iha4B4zP2cnQCZZ3vp7k=",
        "owner": "NixOS",
        "repo": "nixpkgs",
        "rev": "fd901ef4bf93499374c5af385b2943f5801c0833",
        "type": "github"
      },
      "original": {
        "id": "nixpkgs",
        "type": "indirect"
      }
    },
    "root": {
      "inputs": {
        "darwin": "darwin",
        "emacs-overlay": "emacs-overlay",
        "firefox-addons": "firefox-addons",
        "home-manager": "home-manager",
        "hyprland": "hyprland",
        "hyprland-contrib": "hyprland-contrib",
        "nix-colors": "nix-colors",
        "nixos-wsl": "nixos-wsl",
        "nixpkgs": "nixpkgs_2",
        "nixpkgs-master": "nixpkgs-master",
        "nixpkgs-stable": "nixpkgs-stable_2",
        "sops-nix": "sops-nix",
        "vscode-server": "vscode-server"
      }
    },
    "sops-nix": {
      "inputs": {
        "nixpkgs": [
          "nixpkgs"
        ],
        "nixpkgs-stable": "nixpkgs-stable_3"
      },
      "locked": {
        "lastModified": 1715244550,
        "narHash": "sha256-ffOZL3eaZz5Y1nQ9muC36wBCWwS1hSRLhUzlA9hV2oI=",
        "owner": "Mic92",
        "repo": "sops-nix",
        "rev": "0dc50257c00ee3c65fef3a255f6564cfbfe6eb7f",
        "type": "github"
      },
      "original": {
        "owner": "Mic92",
        "repo": "sops-nix",
        "type": "github"
      }
    },
    "systems": {
      "locked": {
        "lastModified": 1681028828,
        "narHash": "sha256-Vy1rq5AaRuLzOxct8nz4T6wlgyUR7zLU309k9mBC768=",
        "owner": "nix-systems",
        "repo": "default",
        "rev": "da67096a3b9bf56a91d16901293e51ba5b49a27e",
        "type": "github"
      },
      "original": {
        "owner": "nix-systems",
        "repo": "default",
        "type": "github"
      }
    },
    "systems_2": {
      "locked": {
        "lastModified": 1689347949,
        "narHash": "sha256-12tWmuL2zgBgZkdoB6qXZsgJEH9LR3oUgpaQq2RbI80=",
        "owner": "nix-systems",
        "repo": "default-linux",
        "rev": "31732fcf5e8fea42e59c2488ad31a0e651500f68",
        "type": "github"
      },
      "original": {
        "owner": "nix-systems",
        "repo": "default-linux",
        "type": "github"
      }
    },
    "systems_3": {
      "locked": {
        "lastModified": 1681028828,
        "narHash": "sha256-Vy1rq5AaRuLzOxct8nz4T6wlgyUR7zLU309k9mBC768=",
        "owner": "nix-systems",
        "repo": "default",
        "rev": "da67096a3b9bf56a91d16901293e51ba5b49a27e",
        "type": "github"
      },
      "original": {
        "owner": "nix-systems",
        "repo": "default",
        "type": "github"
      }
    },
    "systems_4": {
      "locked": {
        "lastModified": 1681028828,
        "narHash": "sha256-Vy1rq5AaRuLzOxct8nz4T6wlgyUR7zLU309k9mBC768=",
        "owner": "nix-systems",
        "repo": "default",
        "rev": "da67096a3b9bf56a91d16901293e51ba5b49a27e",
        "type": "github"
      },
      "original": {
        "owner": "nix-systems",
        "repo": "default",
        "type": "github"
      }
    },
    "vscode-server": {
      "inputs": {
        "flake-utils": "flake-utils_4",
        "nixpkgs": "nixpkgs_3"
      },
      "locked": {
        "lastModified": 1713958148,
        "narHash": "sha256-8PDNi/dgoI2kyM7uSiU4eoLBqUKoA+3TXuz+VWmuCOc=",
        "owner": "nix-community",
        "repo": "nixos-vscode-server",
        "rev": "fc900c16efc6a5ed972fb6be87df018bcf3035bc",
        "type": "github"
      },
      "original": {
        "owner": "nix-community",
        "repo": "nixos-vscode-server",
        "type": "github"
      }
    },
    "xdph": {
      "inputs": {
        "hyprland-protocols": "hyprland-protocols",
        "hyprlang": [
          "hyprland",
          "hyprlang"
        ],
        "nixpkgs": [
          "hyprland",
          "nixpkgs"
        ],
        "systems": [
          "hyprland",
          "systems"
        ]
      },
      "locked": {
        "lastModified": 1714662532,
        "narHash": "sha256-Pj2xGSYhapYbXL7sk7TTlOtCZcTfPQoL3fPbZeg7L4Y=",
        "owner": "hyprwm",
        "repo": "xdg-desktop-portal-hyprland",
        "rev": "1f228ba2f1f254195c0b571302b37482861abee3",
        "type": "github"
      },
      "original": {
        "owner": "hyprwm",
        "repo": "xdg-desktop-portal-hyprland",
        "type": "github"
      }
    }
  },
  "root": "root",
  "version": 7
}
